
Microsoft Visual Studio Solution File, Format Version 12.00
# Visual Studio Version 17
VisualStudioVersion = 17.13.35806.99 d17.13
MinimumVisualStudioVersion = 10.0.40219.1
Project("{FAE04EC0-301F-11D3-BF4B-00C04F79EFBC}") = "Tubes_KPL", "Tubes_KPL.csproj", "{29E65A13-3BAC-4221-BA09-F22634456F58}"
EndProject
Global
	GlobalSection(SolutionConfigurationPlatforms) = preSolution
		Debug|Any CPU = Debug|Any CPU
		Release|Any CPU = Release|Any CPU
	EndGlobalSection
	GlobalSection(ProjectConfigurationPlatforms) = postSolution
		{29E65A13-3BAC-4221-BA09-F22634456F58}.Debug|Any CPU.ActiveCfg = Debug|Any CPU
		{29E65A13-3BAC-4221-BA09-F22634456F58}.Debug|Any CPU.Build.0 = Debug|Any CPU
		{29E65A13-3BAC-4221-BA09-F22634456F58}.Release|Any CPU.ActiveCfg = Release|Any CPU
		{29E65A13-3BAC-4221-BA09-F22634456F58}.Release|Any CPU.Build.0 = Release|Any CPU
	EndGlobalSection
	GlobalSection(SolutionProperties) = preSolution
		HideSolutionNode = FALSE
	EndGlobalSection
	GlobalSection(ExtensibilityGlobals) = postSolution
		SolutionGuid = {950FEC14-398D-4CE0-8B36-CEC779BB95E6}
	EndGlobalSection
EndGlobal
